
Microsoft Visual Studio Solution File, Format Version 12.00
# Visual Studio Version 17
VisualStudioVersion = 17.3.32922.545
MinimumVisualStudioVersion = 10.0.40219.1
Project("{FAE04EC0-301F-11D3-BF4B-00C04F79EFBC}") = "cs_exercises", "cs_exercises.csproj", "{FE3B97AF-0F35-4AD8-A00D-80978A67F76F}"
EndProject
Global
	GlobalSection(SolutionConfigurationPlatforms) = preSolution
		Debug|Any CPU = Debug|Any CPU
		Release|Any CPU = Release|Any CPU
	EndGlobalSection
	GlobalSection(ProjectConfigurationPlatforms) = postSolution
		{FE3B97AF-0F35-4AD8-A00D-80978A67F76F}.Debug|Any CPU.ActiveCfg = Debug|Any CPU
		{FE3B97AF-0F35-4AD8-A00D-80978A67F76F}.Debug|Any CPU.Build.0 = Debug|Any CPU
		{FE3B97AF-0F35-4AD8-A00D-80978A67F76F}.Release|Any CPU.ActiveCfg = Release|Any CPU
		{FE3B97AF-0F35-4AD8-A00D-80978A67F76F}.Release|Any CPU.Build.0 = Release|Any CPU
	EndGlobalSection
	GlobalSection(SolutionProperties) = preSolution
		HideSolutionNode = FALSE
	EndGlobalSection
	GlobalSection(ExtensibilityGlobals) = postSolution
		SolutionGuid = {0621F712-33D7-4FEF-B910-8E1893987558}
	EndGlobalSection
EndGlobal
